
Microsoft Visual Studio Solution File, Format Version 12.00
# Visual Studio Version 17
VisualStudioVersion = 17.13.35919.96 d17.13
MinimumVisualStudioVersion = 10.0.40219.1
Project("{FAE04EC0-301F-11D3-BF4B-00C04F79EFBC}") = "P2PERP", "P2PERP\P2PERP.csproj", "{39626143-D8EF-4AB0-91FC-A47802D4ABA0}"
EndProject
Project("{FAE04EC0-301F-11D3-BF4B-00C04F79EFBC}") = "P2PLibray", "P2PLibray\P2PLibray.csproj", "{CC94303E-ADD9-4D8F-B69D-12112843184A}"
EndProject
Project("{FAE04EC0-301F-11D3-BF4B-00C04F79EFBC}") = "P2PHelper", "P2PHelper\P2PHelper.csproj", "{A46A8B83-414A-4202-9F56-590F412FE6FF}"
EndProject
Global
	GlobalSection(SolutionConfigurationPlatforms) = preSolution
		Debug|Any CPU = Debug|Any CPU
		Release|Any CPU = Release|Any CPU
	EndGlobalSection
	GlobalSection(ProjectConfigurationPlatforms) = postSolution
		{39626143-D8EF-4AB0-91FC-A47802D4ABA0}.Debug|Any CPU.ActiveCfg = Debug|Any CPU
		{39626143-D8EF-4AB0-91FC-A47802D4ABA0}.Debug|Any CPU.Build.0 = Debug|Any CPU
		{39626143-D8EF-4AB0-91FC-A47802D4ABA0}.Release|Any CPU.ActiveCfg = Release|Any CPU
		{39626143-D8EF-4AB0-91FC-A47802D4ABA0}.Release|Any CPU.Build.0 = Release|Any CPU
		{CC94303E-ADD9-4D8F-B69D-12112843184A}.Debug|Any CPU.ActiveCfg = Debug|Any CPU
		{CC94303E-ADD9-4D8F-B69D-12112843184A}.Debug|Any CPU.Build.0 = Debug|Any CPU
		{CC94303E-ADD9-4D8F-B69D-12112843184A}.Release|Any CPU.ActiveCfg = Release|Any CPU
		{CC94303E-ADD9-4D8F-B69D-12112843184A}.Release|Any CPU.Build.0 = Release|Any CPU
		{A46A8B83-414A-4202-9F56-590F412FE6FF}.Debug|Any CPU.ActiveCfg = Debug|Any CPU
		{A46A8B83-414A-4202-9F56-590F412FE6FF}.Debug|Any CPU.Build.0 = Debug|Any CPU
		{A46A8B83-414A-4202-9F56-590F412FE6FF}.Release|Any CPU.ActiveCfg = Release|Any CPU
		{A46A8B83-414A-4202-9F56-590F412FE6FF}.Release|Any CPU.Build.0 = Release|Any CPU
	EndGlobalSection
	GlobalSection(SolutionProperties) = preSolution
		HideSolutionNode = FALSE
	EndGlobalSection
	GlobalSection(ExtensibilityGlobals) = postSolution
		SolutionGuid = {088211B3-D01A-4961-8C8A-9E2789DFD74A}
	EndGlobalSection
EndGlobal
